
Microsoft Visual Studio Solution File, Format Version 12.00
# Visual Studio 15
VisualStudioVersion = 15.0.28307.1259
MinimumVisualStudioVersion = 10.0.40219.1
Project("{FAE04EC0-301F-11D3-BF4B-00C04F79EFBC}") = "RhinoPluginSqlCECodeFirst", "RhinoPluginSqlCECodeFirst\RhinoPluginSqlCECodeFirst.csproj", "{043FB72C-7F06-4665-A29A-B3572EB026AF}"
EndProject
Global
	GlobalSection(SolutionConfigurationPlatforms) = preSolution
		Debug|Any CPU = Debug|Any CPU
		Release|Any CPU = Release|Any CPU
	EndGlobalSection
	GlobalSection(ProjectConfigurationPlatforms) = postSolution
		{043FB72C-7F06-4665-A29A-B3572EB026AF}.Debug|Any CPU.ActiveCfg = Debug|Any CPU
		{043FB72C-7F06-4665-A29A-B3572EB026AF}.Debug|Any CPU.Build.0 = Debug|Any CPU
		{043FB72C-7F06-4665-A29A-B3572EB026AF}.Release|Any CPU.ActiveCfg = Release|Any CPU
		{043FB72C-7F06-4665-A29A-B3572EB026AF}.Release|Any CPU.Build.0 = Release|Any CPU
	EndGlobalSection
	GlobalSection(SolutionProperties) = preSolution
		HideSolutionNode = FALSE
	EndGlobalSection
	GlobalSection(ExtensibilityGlobals) = postSolution
		SolutionGuid = {ADDBD137-016B-4181-88E1-6497DC57CC40}
	EndGlobalSection
EndGlobal
